<?xml version="1.0" encoding="UTF-8" standalone="yes" ?>
<CodeBlocks_project_file>
	<FileVersion major="1" minor="6" />
	<Project>
		<Option title="kazmodel" />
		<Option pch_mode="2" />
		<Option compiler="gcc" />
		<Build>
			<Target title="Debug">
				<Option output="libkazmodel" prefix_auto="1" extension_auto="1" />
				<Option working_dir="" />
				<Option object_output="obj/Debug/" />
				<Option type="2" />
				<Option compiler="gcc" />
				<Option createDefFile="1" />
				<Compiler>
					<Add option="-Wall" />
					<Add option="-g" />
				</Compiler>
			</Target>
			<Target title="Release">
				<Option output="libkazmodel" prefix_auto="1" extension_auto="1" />
				<Option working_dir="" />
				<Option object_output="obj/Release/" />
				<Option type="2" />
				<Option compiler="gcc" />
				<Option createDefFile="1" />
				<Compiler>
					<Add option="-Wall" />
					<Add option="-O2" />
				</Compiler>
				<Linker>
					<Add option="-s" />
				</Linker>
			</Target>
			<Target title="MD3 Tests">
				<Option output="kazmodel_md3_tests" prefix_auto="1" extension_auto="1" />
				<Option type="1" />
				<Option compiler="gcc" />
				<Compiler>
					<Add option="-g" />
					<Add directory="../src" />
				</Compiler>
				<Linker>
					<Add library="libGL.a" />
					<Add library="/usr/lib/libboost_unit_test_framework.so" />
					<Add library="/usr/lib/libSDL.so" />
					<Add library="libGLU.a" />
				</Linker>
			</Target>
			<Target title="Model Tests">
				<Option output="kazmodel_model_tests" prefix_auto="1" extension_auto="1" />
				<Option type="1" />
				<Option compiler="gcc" />
				<Compiler>
					<Add option="-g" />
					<Add directory="../src" />
				</Compiler>
				<Linker>
					<Add library="libGL.a" />
					<Add library="/usr/lib/libboost_unit_test_framework.so" />
				</Linker>
			</Target>
		</Build>
		<Linker>
			<Add library="libKazmath.a" />
		</Linker>
		<Unit filename="../src/kazmodel/md3_model.c">
			<Option compilerVar="CC" />
			<Option target="Debug" />
			<Option target="Release" />
			<Option target="MD3 Tests" />
		</Unit>
		<Unit filename="../src/kazmodel/md3_model.h">
			<Option target="Debug" />
			<Option target="Release" />
			<Option target="MD3 Tests" />
		</Unit>
		<Unit filename="../src/kazmodel/model.c">
			<Option compilerVar="CC" />
		</Unit>
		<Unit filename="../src/kazmodel/model.h">
			<Option target="Debug" />
			<Option target="Release" />
			<Option target="MD3 Tests" />
		</Unit>
		<Unit filename="../tests/md3_model_tests.cpp">
			<Option target="MD3 Tests" />
		</Unit>
		<Unit filename="../tests/model_tests.cpp">
			<Option target="Model Tests" />
		</Unit>
		<Extensions>
			<code_completion />
			<envvars />
			<lib_finder disable_auto="1" />
			<debugger />
		</Extensions>
	</Project>
</CodeBlocks_project_file>
