<?xml version="1.0" encoding="UTF-8" standalone="yes" ?>
<CodeBlocks_project_file>
	<FileVersion major="1" minor="6" />
	<Project>
		<Option title="kazmath" />
		<Option pch_mode="2" />
		<Option compiler="gcc" />
		<Build>
			<Target title="Debug">
				<Option output="bin/Debug/libkazmath" prefix_auto="1" extension_auto="1" />
				<Option object_output="obj/Debug/" />
				<Option type="3" />
				<Option compiler="gcc" />
				<Option createDefFile="1" />
				<Option createStaticLib="1" />
				<Compiler>
					<Add option="-g" />
				</Compiler>
			</Target>
			<Target title="Release">
				<Option output="bin/Release/libkazmath" prefix_auto="1" extension_auto="1" />
				<Option object_output="obj/Release/" />
				<Option type="3" />
				<Option compiler="gcc" />
				<Option createDefFile="1" />
				<Option createStaticLib="1" />
				<Compiler>
					<Add option="-O2" />
				</Compiler>
				<Linker>
					<Add option="-s" />
				</Linker>
			</Target>
		</Build>
		<Compiler>
			<Add option="-Wall" />
			<Add option="-std=c99" />
		</Compiler>
		<Unit filename="../src/mat4.c">
			<Option compilerVar="CC" />
		</Unit>
		<Unit filename="../src/mat4.h" />
		<Unit filename="../src/plane.c">
			<Option compilerVar="CC" />
		</Unit>
		<Unit filename="../src/plane.h" />
		<Unit filename="../src/quaternion.c">
			<Option compilerVar="CC" />
		</Unit>
		<Unit filename="../src/quaternion.h" />
		<Unit filename="../src/utility.c">
			<Option compilerVar="CC" />
		</Unit>
		<Unit filename="../src/utility.h" />
		<Unit filename="../src/vec2.c">
			<Option compilerVar="CC" />
		</Unit>
		<Unit filename="../src/vec2.h" />
		<Unit filename="../src/vec3.c">
			<Option compilerVar="CC" />
		</Unit>
		<Unit filename="../src/vec3.h" />
		<Unit filename="../src/vec4.c">
			<Option compilerVar="CC" />
		</Unit>
		<Unit filename="../src/vec4.h" />
		<Extensions>
			<envvars />
			<code_completion />
			<debugger />
			<lib_finder disable_auto="1" />
		</Extensions>
	</Project>
</CodeBlocks_project_file>
