<?xml version="1.0" encoding="UTF-8" standalone="yes" ?>
<CodeBlocks_project_file>
	<FileVersion major="1" minor="6" />
	<Project>
		<Option title="kazmath" />
		<Option pch_mode="2" />
		<Option compiler="msvc8" />
		<Build>
			<Target title="Debug">
				<Option output="kazmath" prefix_auto="1" extension_auto="1" />
				<Option working_dir="" />
				<Option object_output="obj\Debug\" />
				<Option type="2" />
				<Option compiler="msvc8" />
				<Option createDefFile="1" />
				<Compiler>
					<Add option="/W3" />
					<Add option="/Zi" />
					<Add option="/D_DEBUG" />
				</Compiler>
				<Linker>
					<Add option="/DEBUG" />
				</Linker>
			</Target>
			<Target title="Release">
				<Option output="kazmath" prefix_auto="1" extension_auto="1" />
				<Option working_dir="" />
				<Option object_output="obj\Release\" />
				<Option type="2" />
				<Option compiler="msvc8" />
				<Option createDefFile="1" />
				<Compiler>
					<Add option="/W3" />
					<Add option="/Ox" />
					<Add option="/DNDEBUG" />
				</Compiler>
			</Target>
		</Build>
		<Unit filename="..\src\aabb.c">
			<Option compilerVar="CC" />
		</Unit>
		<Unit filename="..\src\aabb.h" />
		<Unit filename="..\src\gl_utils\c_stack.c">
			<Option compilerVar="CC" />
		</Unit>
		<Unit filename="..\src\gl_utils\c_stack.h" />
		<Unit filename="..\src\gl_utils\matrix_stack.c">
			<Option compilerVar="CC" />
		</Unit>
		<Unit filename="..\src\gl_utils\matrix_stack.h" />
		<Unit filename="..\src\gl_utils\stack_test.c">
			<Option compilerVar="CC" />
		</Unit>
		<Unit filename="..\src\kazmathxx.h" />
		<Unit filename="..\src\mat3.c">
			<Option compilerVar="CC" />
		</Unit>
		<Unit filename="..\src\mat3.h" />
		<Unit filename="..\src\mat4.c">
			<Option compilerVar="CC" />
		</Unit>
		<Unit filename="..\src\mat4.h" />
		<Unit filename="..\src\plane.c">
			<Option compilerVar="CC" />
		</Unit>
		<Unit filename="..\src\plane.h" />
		<Unit filename="..\src\quaternion.c">
			<Option compilerVar="CC" />
		</Unit>
		<Unit filename="..\src\quaternion.h" />
		<Unit filename="..\src\utility.c">
			<Option compilerVar="CC" />
		</Unit>
		<Unit filename="..\src\utility.h" />
		<Unit filename="..\src\vec2.c">
			<Option compilerVar="CC" />
		</Unit>
		<Unit filename="..\src\vec2.h" />
		<Unit filename="..\src\vec3.c">
			<Option compilerVar="CC" />
		</Unit>
		<Unit filename="..\src\vec3.h" />
		<Unit filename="..\src\vec4.c">
			<Option compilerVar="CC" />
		</Unit>
		<Unit filename="..\src\vec4.h" />
		<Extensions>
			<code_completion />
			<envvars />
			<debugger />
		</Extensions>
	</Project>
</CodeBlocks_project_file>
